<Solution>
  <Project Path="FinancialManagementApplication.API/FinancialManagementApplication.API.csproj" />
  <Project Path="FinancialManagementApplication.Application/FinancialManagementApplication.Application.csproj" />
  <Project Path="FinancialManagementApplication.Domain/FinancialManagementApplication.Domain.csproj" />
  <Project Path="FinancialManagementApplication.Infrastructure/FinancialManagementApplication.Infrastructure.csproj" />
  <Project Path="FinancialManagementApplication.Tests/FinancialManagementApplication.Tests.csproj">
    <Build Solution="Debug|*" Project="false" />
  </Project>
</Solution>
